
Microsoft Visual Studio Solution File, Format Version 12.00
# Visual Studio Version 16
VisualStudioVersion = 16.0.30711.63
MinimumVisualStudioVersion = 10.0.40219.1
Project("{888888A0-9F3D-457C-B088-3A5042F75D52}") = "VTKNastranViewer", "VTKNastranViewer.pyproj", "{449EA68C-F1C3-4F0B-8FB2-95392741ADE0}"
EndProject
Global
	GlobalSection(SolutionConfigurationPlatforms) = preSolution
		Debug|x64 = Debug|x64
		Release|x64 = Release|x64
	EndGlobalSection
	GlobalSection(ProjectConfigurationPlatforms) = postSolution
		{449EA68C-F1C3-4F0B-8FB2-95392741ADE0}.Debug|x64.ActiveCfg = Debug|Any CPU
		{449EA68C-F1C3-4F0B-8FB2-95392741ADE0}.Release|x64.ActiveCfg = Release|Any CPU
	EndGlobalSection
	GlobalSection(SolutionProperties) = preSolution
		HideSolutionNode = FALSE
	EndGlobalSection
	GlobalSection(ExtensibilityGlobals) = postSolution
		SolutionGuid = {46E49037-C079-458B-A0AD-00E74AFC015B}
	EndGlobalSection
EndGlobal
